# This file is automatically @generated by Cargo.
# It is not intended for manual editing.
version = 4

[[package]]
name = "youth-cli"
version = "0.0.1"

[[package]]
name = "youth-counter"
version = "0.0.1"

[[package]]
name = "youth-runtime"
version = "0.0.1"

[[package]]
name = "youth-tree"
version = "0.0.1"
